version = 1
revision = 3
requires-python = ">=3.14"

[[package]]
name = "altgraph"
version = "0.17.5"
source = { registry = "https://pypi.org/simple" }
sdist = { url = "https://files.pythonhosted.org/packages/7e/f8/97fdf103f38fed6792a1601dbc16cc8aac56e7459a9fff08c812d8ae177a/altgraph-0.17.5.tar.gz", hash = "sha256:c87b395dd12fabde9c99573a9749d67da8d29ef9de0125c7f536699b4a9bc9e7", size = 48428, upload-time = "2025-11-21T20:35:50.583Z" }
wheels = [
    { url = "https://files.pythonhosted.org/packages/a9/ba/000a1996d4308bc65120167c21241a3b205464a2e0b58deda26ae8ac21d1/altgraph-0.17.5-py2.py3-none-any.whl", hash = "sha256:f3a22400bce1b0c701683820ac4f3b159cd301acab067c51c653e06961600597", size = 21228, upload-time = "2025-11-21T20:35:49.444Z" },
]

[[package]]
name = "astroid"
version = "4.0.4"
source = { registry = "https://pypi.org/simple" }
sdist = { url = "https://files.pythonhosted.org/packages/07/63/0adf26577da5eff6eb7a177876c1cfa213856be9926a000f65c4add9692b/astroid-4.0.4.tar.gz", hash = "sha256:986fed8bcf79fb82c78b18a53352a0b287a73817d6dbcfba3162da36667c49a0", size = 406358, upload-time = "2026-02-07T23:35:07.509Z" }
wheels = [
    { url = "https://files.pythonhosted.org/packages/b0/cf/1c5f42b110e57bc5502eb80dbc3b03d256926062519224835ef08134f1f9/astroid-4.0.4-py3-none-any.whl", hash = "sha256:52f39653876c7dec3e3afd4c2696920e05c83832b9737afc21928f2d2eb7a753", size = 276445, upload-time = "2026-02-07T23:35:05.344Z" },
]

[[package]]
name = "attrs"
version = "26.1.0"
source = { registry = "https://pypi.org/simple" }
sdist = { url = "https://files.pythonhosted.org/packages/9a/8e/82a0fe20a541c03148528be8cac2408564a6c9a0cc7e9171802bc1d26985/attrs-26.1.0.tar.gz", hash = "sha256:d03ceb89cb322a8fd706d4fb91940737b6642aa36998fe130a9bc96c985eff32", size = 952055, upload-time = "2026-03-19T14:22:25.026Z" }
wheels = [
    { url = "https://files.pythonhosted.org/packages/64/b4/17d4b0b2a2dc85a6df63d1157e028ed19f90d4cd97c36717afef2bc2f395/attrs-26.1.0-py3-none-any.whl", hash = "sha256:c647aa4a12dfbad9333ca4e71fe62ddc36f4e63b2d260a37a8b83d2f043ac309", size = 67548, upload-time = "2026-03-19T14:22:23.645Z" },
]

[[package]]
name = "colorama"
version = "0.4.6"
source = { registry = "https://pypi.org/simple" }
sdist = { url = "https://files.pythonhosted.org/packages/d8/53/6f443c9a4a8358a93a6792e2acffb9d9d5cb0a5cfd8802644b7b1c9a02e4/colorama-0.4.6.tar.gz", hash = "sha256:08695f5cb7ed6e0531a20572697297273c47b8cae5a63ffc6d6ed5c201be6e44", size = 27697, upload-time = "2022-10-25T02:36:22.414Z" }
wheels = [
    { url = "https://files.pythonhosted.org/packages/d1/d6/3965ed04c63042e047cb6a3e6ed1a63a35087b6a609aa3a15ed8ac56c221/colorama-0.4.6-py2.py3-none-any.whl", hash = "sha256:4f1d9991f5acc0ca119f9d443620b77f9d6b33703e51011c16baf57afb285fc6", size = 25335, upload-time = "2022-10-25T02:36:20.889Z" },
]

[[package]]
name = "dill"
version = "0.4.1"
source = { registry = "https://pypi.org/simple" }
sdist = { url = "https://files.pythonhosted.org/packages/81/e1/56027a71e31b02ddc53c7d65b01e68edf64dea2932122fe7746a516f75d5/dill-0.4.1.tar.gz", hash = "sha256:423092df4182177d4d8ba8290c8a5b640c66ab35ec7da59ccfa00f6fa3eea5fa", size = 187315, upload-time = "2026-01-19T02:36:56.85Z" }
wheels = [
    { url = "https://files.pythonhosted.org/packages/1e/77/dc8c558f7593132cf8fefec57c4f60c83b16941c574ac5f619abb3ae7933/dill-0.4.1-py3-none-any.whl", hash = "sha256:1e1ce33e978ae97fcfcff5638477032b801c46c7c65cf717f95fbc2248f79a9d", size = 120019, upload-time = "2026-01-19T02:36:55.663Z" },
]

[[package]]
name = "iniconfig"
version = "2.3.0"
source = { registry = "https://pypi.org/simple" }
sdist = { url = "https://files.pythonhosted.org/packages/72/34/14ca021ce8e5dfedc35312d08ba8bf51fdd999c576889fc2c24cb97f4f10/iniconfig-2.3.0.tar.gz", hash = "sha256:c76315c77db068650d49c5b56314774a7804df16fee4402c1f19d6d15d8c4730", size = 20503, upload-time = "2025-10-18T21:55:43.219Z" }
wheels = [
    { url = "https://files.pythonhosted.org/packages/cb/b1/3846dd7f199d53cb17f49cba7e651e9ce294d8497c8c150530ed11865bb8/iniconfig-2.3.0-py3-none-any.whl", hash = "sha256:f631c04d2c48c52b84d0d0549c99ff3859c98df65b3101406327ecc7d53fbf12", size = 7484, upload-time = "2025-10-18T21:55:41.639Z" },
]

[[package]]
name = "isort"
version = "8.0.1"
source = { registry = "https://pypi.org/simple" }
sdist = { url = "https://files.pythonhosted.org/packages/ef/7c/ec4ab396d31b3b395e2e999c8f46dec78c5e29209fac49d1f4dace04041d/isort-8.0.1.tar.gz", hash = "sha256:171ac4ff559cdc060bcfff550bc8404a486fee0caab245679c2abe7cb253c78d", size = 769592, upload-time = "2026-02-28T10:08:20.685Z" }
wheels = [
    { url = "https://files.pythonhosted.org/packages/3e/95/c7c34aa53c16353c56d0b802fba48d5f5caa2cdee7958acbcb795c830416/isort-8.0.1-py3-none-any.whl", hash = "sha256:28b89bc70f751b559aeca209e6120393d43fbe2490de0559662be7a9787e3d75", size = 89733, upload-time = "2026-02-28T10:08:19.466Z" },
]

[[package]]
name = "libsass"
version = "0.23.0"
source = { registry = "https://pypi.org/simple" }
sdist = { url = "https://files.pythonhosted.org/packages/79/b4/ab091585eaa77299558e3289ca206846aefc123fb320b5656ab2542c20ad/libsass-0.23.0.tar.gz", hash = "sha256:6f209955ede26684e76912caf329f4ccb57e4a043fd77fe0e7348dd9574f1880", size = 316068, upload-time = "2024-01-06T18:53:05.404Z" }
wheels = [
    { url = "https://files.pythonhosted.org/packages/e5/13/fc1bea1de880ca935137183727c7d4dd921c4128fc08b8ddc3698ba5a8a3/libsass-0.23.0-cp38-abi3-macosx_11_0_x86_64.whl", hash = "sha256:34cae047cbbfc4ffa832a61cbb110f3c95f5471c6170c842d3fed161e40814dc", size = 1086783, upload-time = "2024-01-06T19:02:38.903Z" },
    { url = "https://files.pythonhosted.org/packages/55/2f/6af938651ff3aec0a0b00742209df1172bc297fa73531f292801693b7315/libsass-0.23.0-cp38-abi3-macosx_14_0_arm64.whl", hash = "sha256:ea97d1b45cdc2fc3590cb9d7b60f1d8915d3ce17a98c1f2d4dd47ee0d9c68ce6", size = 982759, upload-time = "2024-01-06T19:02:41.331Z" },
    { url = "https://files.pythonhosted.org/packages/fd/5a/eb5b62641df0459a3291fc206cf5bd669c0feed7814dded8edef4ade8512/libsass-0.23.0-cp38-abi3-manylinux_2_5_x86_64.manylinux1_x86_64.whl", hash = "sha256:4a218406d605f325d234e4678bd57126a66a88841cb95bee2caeafdc6f138306", size = 9444543, upload-time = "2024-01-06T19:02:43.191Z" },
    { url = "https://files.pythonhosted.org/packages/e5/fc/275783f5120970d859ae37d04b6a60c13bdec2aa4294b9dfa8a37b5c2513/libsass-0.23.0-cp38-abi3-win32.whl", hash = "sha256:31e86d92a5c7a551df844b72d83fc2b5e50abc6fbbb31e296f7bebd6489ed1b4", size = 775481, upload-time = "2024-01-06T19:02:46.05Z" },
    { url = "https://files.pythonhosted.org/packages/ef/20/caf3c7cf2432d85263119798c45221ddf67bdd7dae8f626d14ff8db04040/libsass-0.23.0-cp38-abi3-win_amd64.whl", hash = "sha256:a2ec85d819f353cbe807432d7275d653710d12b08ec7ef61c124a580a8352f3c", size = 872914, upload-time = "2024-01-06T19:02:47.61Z" },
]

[[package]]
name = "macholib"
version = "1.16.4"
source = { registry = "https://pypi.org/simple" }
dependencies = [
    { name = "altgraph" },
]
sdist = { url = "https://files.pythonhosted.org/packages/10/2f/97589876ea967487978071c9042518d28b958d87b17dceb7cdc1d881f963/macholib-1.16.4.tar.gz", hash = "sha256:f408c93ab2e995cd2c46e34fe328b130404be143469e41bc366c807448979362", size = 59427, upload-time = "2025-11-22T08:28:38.373Z" }
wheels = [
    { url = "https://files.pythonhosted.org/packages/c7/d1/a9f36f8ecdf0fb7c9b1e78c8d7af12b8c8754e74851ac7b94a8305540fc7/macholib-1.16.4-py2.py3-none-any.whl", hash = "sha256:da1a3fa8266e30f0ce7e97c6a54eefaae8edd1e5f86f3eb8b95457cae90265ea", size = 38117, upload-time = "2025-11-22T08:28:36.939Z" },
]

[[package]]
name = "mccabe"
version = "0.7.0"
source = { registry = "https://pypi.org/simple" }
sdist = { url = "https://files.pythonhosted.org/packages/e7/ff/0ffefdcac38932a54d2b5eed4e0ba8a408f215002cd178ad1df0f2806ff8/mccabe-0.7.0.tar.gz", hash = "sha256:348e0240c33b60bbdf4e523192ef919f28cb2c3d7d5c7794f74009290f236325", size = 9658, upload-time = "2022-01-24T01:14:51.113Z" }
wheels = [
    { url = "https://files.pythonhosted.org/packages/27/1a/1f68f9ba0c207934b35b86a8ca3aad8395a3d6dd7921c0686e23853ff5a9/mccabe-0.7.0-py2.py3-none-any.whl", hash = "sha256:6c2d30ab6be0e4a46919781807b4f0d834ebdd6c6e3dca0bda5a15f863427b6e", size = 7350, upload-time = "2022-01-24T01:14:49.62Z" },
]

[[package]]
name = "mistune"
version = "3.3.3"
source = { registry = "https://pypi.org/simple" }
sdist = { url = "https://files.pythonhosted.org/packages/7b/a5/2dab368d6950e6808904dec98f54c7e726ee7be4a0c6afe00e6e011bd52d/mistune-3.3.3.tar.gz", hash = "sha256:c4c6c0c840b8637a2e9b8b6d607eb7c8f00888bf14c754409bcd339e848c2477", size = 115363, upload-time = "2026-07-09T06:18:05.268Z" }
wheels = [
    { url = "https://files.pythonhosted.org/packages/89/70/b1e4737b84163db5bb1dfde6f216dbfbf32783330a9989c965e121172830/mistune-3.3.3-py3-none-any.whl", hash = "sha256:99de1585e42dcbd826faa9e11a202727a5e202e4e4722a4c69ac1ff615793dd7", size = 63569, upload-time = "2026-07-09T06:18:03.839Z" },
]

[[package]]
name = "packaging"
version = "26.2"
source = { registry = "https://pypi.org/simple" }
sdist = { url = "https://files.pythonhosted.org/packages/d7/f1/e7a6dd94a8d4a5626c03e4e99c87f241ba9e350cd9e6d75123f992427270/packaging-26.2.tar.gz", hash = "sha256:ff452ff5a3e828ce110190feff1178bb1f2ea2281fa2075aadb987c2fb221661", size = 228134, upload-time = "2026-04-24T20:15:23.917Z" }
wheels = [
    { url = "https://files.pythonhosted.org/packages/df/b2/87e62e8c3e2f4b32e5fe99e0b86d576da1312593b39f47d8ceef365e95ed/packaging-26.2-py3-none-any.whl", hash = "sha256:5fc45236b9446107ff2415ce77c807cee2862cb6fac22b8a73826d0693b0980e", size = 100195, upload-time = "2026-04-24T20:15:22.081Z" },
]

[[package]]
name = "pefile"
version = "2024.8.26"
source = { registry = "https://pypi.org/simple" }
sdist = { url = "https://files.pythonhosted.org/packages/03/4f/2750f7f6f025a1507cd3b7218691671eecfd0bbebebe8b39aa0fe1d360b8/pefile-2024.8.26.tar.gz", hash = "sha256:3ff6c5d8b43e8c37bb6e6dd5085658d658a7a0bdcd20b6a07b1fcfc1c4e9d632", size = 76008, upload-time = "2024-08-26T20:58:38.155Z" }
wheels = [
    { url = "https://files.pythonhosted.org/packages/54/16/12b82f791c7f50ddec566873d5bdd245baa1491bac11d15ffb98aecc8f8b/pefile-2024.8.26-py3-none-any.whl", hash = "sha256:76f8b485dcd3b1bb8166f1128d395fa3d87af26360c2358fb75b80019b957c6f", size = 74766, upload-time = "2024-08-26T21:01:02.632Z" },
]

[[package]]
name = "personalwiki"
version = "0.1.0"
source = { virtual = "." }
dependencies = [
    { name = "attrs" },
    { name = "libsass" },
    { name = "mistune" },
    { name = "pyinstaller" },
    { name = "pylint" },
    { name = "pyqt6" },
    { name = "pyqt6-qscintilla" },
    { name = "pyqt6-sip" },
    { name = "pyqt6-webengine" },
    { name = "pytest" },
    { name = "pytest-qt" },
    { name = "returns" },
    { name = "sip" },
    { name = "tinycss2" },
]

[package.metadata]
requires-dist = [
    { name = "attrs", specifier = ">=26.1.0" },
    { name = "libsass", specifier = ">=0.23.0" },
    { name = "mistune", specifier = ">=3.3.3" },
    { name = "pyinstaller", specifier = ">=6.22.2" },
    { name = "pylint", specifier = ">=4.0.7" },
    { name = "pyqt6", specifier = ">=6.11.0" },
    { name = "pyqt6-qscintilla", specifier = ">=2.14.1" },
    { name = "pyqt6-sip", specifier = ">=13.11.1" },
    { name = "pyqt6-webengine", specifier = ">=6.11.0" },
    { name = "pytest", specifier = ">=9.1.1" },
    { name = "pytest-qt", specifier = ">=4.5.0" },
    { name = "returns", specifier = ">=0.29.0" },
    { name = "sip", specifier = ">=6.16.1" },
    { name = "tinycss2", specifier = ">=1.5.1" },
]

[[package]]
name = "platformdirs"
version = "4.11.5"
source = { registry = "https://pypi.org/simple" }
sdist = { url = "https://files.pythonhosted.org/packages/ea/06/cf1564dcc2e2261c8c8c6c05628dc8b418943bdae2a4e58640ceb2f770fa/platformdirs-4.11.5.tar.gz", hash = "sha256:e8b31f4f8bcbbedef91a6b57a706255e4f148d2a4e01648382a0a47342539173", size = 34823, upload-time = "2026-08-27T21:36:37.46Z" }
wheels = [
    { url = "https://files.pythonhosted.org/packages/c7/12/6f3fcd5067a9cbf4f8664b32957973498da8b083455203c8d9cab83a725c/platformdirs-4.11.5-py3-none-any.whl", hash = "sha256:89f8d42695853b89c7170bd49bc3dc593f98a71e695ede88e06a3b247bc4563b", size = 23900, upload-time = "2026-08-27T21:36:36.227Z" },
]

[[package]]
name = "pluggy"
version = "1.6.0"
source = { registry = "https://pypi.org/simple" }
sdist = { url = "https://files.pythonhosted.org/packages/f9/e2/3e91f31a7d2b083fe6ef3fa267035b518369d9511ffab804f839851d2779/pluggy-1.6.0.tar.gz", hash = "sha256:7dcc130b76258d33b90f61b658791dede3486c3e6bfb003ee5c9bfb396dd22f3", size = 69412, upload-time = "2025-05-15T12:30:07.975Z" }
wheels = [
    { url = "https://files.pythonhosted.org/packages/54/20/4d324d65cc6d9205fabedc306948156824eb9f0ee1633355a8f7ec5c66bf/pluggy-1.6.0-py3-none-any.whl", hash = "sha256:e920276dd6813095e9377c0bc5566d94c932c33b27a3e3945d8389c374dd4746", size = 20538, upload-time = "2025-05-15T12:30:06.134Z" },
]

[[package]]
name = "pygments"
version = "2.20.0"
source = { registry = "https://pypi.org/simple" }
sdist = { url = "https://files.pythonhosted.org/packages/c3/b2/bc9c9196916376152d655522fdcebac55e66de6603a76a02bca1b6414f6c/pygments-2.20.0.tar.gz", hash = "sha256:6757cd03768053ff99f3039c1a36d6c0aa0b263438fcab17520b30a303a82b5f", size = 4955991, upload-time = "2026-03-29T13:29:33.898Z" }
wheels = [
    { url = "https://files.pythonhosted.org/packages/f4/7e/a72dd26f3b0f4f2bf1dd8923c85f7ceb43172af56d63c7383eb62b332364/pygments-2.20.0-py3-none-any.whl", hash = "sha256:81a9e26dd42fd28a23a2d169d86d7ac03b46e2f8b59ed4698fb4785f946d0176", size = 1231151, upload-time = "2026-03-29T13:29:30.038Z" },
]

[[package]]
name = "pyinstaller"
version = "6.22.2"
source = { registry = "https://pypi.org/simple" }
dependencies = [
    { name = "altgraph" },
    { name = "macholib", marker = "sys_platform == 'darwin'" },
    { name = "packaging" },
    { name = "pefile", marker = "sys_platform == 'win32'" },
    { name = "pyinstaller-hooks-contrib" },
    { name = "pywin32-ctypes", marker = "sys_platform == 'win32'" },
    { name = "setuptools" },
]
sdist = { url = "https://files.pythonhosted.org/packages/cc/2b/836d9def811c02522e0921d8b8cdf0c16b0545a216e97e71041758057859/pyinstaller-6.22.2.tar.gz", hash = "sha256:89b65a3ad07d9dd5832253e37bc45f31872d10d7f9d5c9fd0fdd6088a83829dd", size = 4092631, upload-time = "2026-08-17T20:53:22.231Z" }
wheels = [
    { url = "https://files.pythonhosted.org/packages/57/39/08cd53632276de70426e7c273820277a48253fee397b4048301ec03c3566/pyinstaller-6.22.2-py3-none-macosx_10_13_universal2.whl", hash = "sha256:ebd1b1ca932d7cf25d7366ce691aaf79a5ff9425811ed7328b5116e4471b6d6d", size = 1062734, upload-time = "2026-08-17T20:52:17.635Z" },
    { url = "https://files.pythonhosted.org/packages/74/22/2d865896782cbb41e2388c7314207c17a98acdcc1b8e5eef668873505c9f/pyinstaller-6.22.2-py3-none-manylinux2014_aarch64.whl", hash = "sha256:f5ccb847451df4207bce18bf53a57b124c9bb4e7e4bad08c5ecc627bcf00b28c", size = 755697, upload-time = "2026-08-17T20:52:21.676Z" },
    { url = "https://files.pythonhosted.org/packages/91/2b/6c11e4d5a76e716ea68da1946ab706a4bdf6d8e68b0e1dea314366d046a0/pyinstaller-6.22.2-py3-none-manylinux2014_i686.whl", hash = "sha256:becb47ad78272bede87acf2ed830d7545a8f65ab11d06a68fe2b99ba1afaac6d", size = 768870, upload-time = "2026-08-17T20:52:25.511Z" },
    { url = "https://files.pythonhosted.org/packages/cf/e2/dbfea6a58b68acf644f7193b11d570476d6ffaed57381b6d1dd9e898a971/pyinstaller-6.22.2-py3-none-manylinux2014_ppc64le.whl", hash = "sha256:06d7b3827a8049db4a2d47e3ec4ae2f69a1041577d8833b8f169745cde573ab4", size = 767445, upload-time = "2026-08-17T20:52:29.629Z" },
    { url = "https://files.pythonhosted.org/packages/5e/db/f24a21af2f87ce1df4e07fdad95eec65ef9f284267a7c1e5eeea40f49aa4/pyinstaller-6.22.2-py3-none-manylinux2014_s390x.whl", hash = "sha256:7bee432404eca5dc3ef37c36811c266561b03988f6d3e70ab0fa5352dd5de9e4", size = 762113, upload-time = "2026-08-17T20:52:34.025Z" },
    { url = "https://files.pythonhosted.org/packages/2b/07/b304ff3f5f8333778065e3658b604b0e108cd934b920f3fbab825a0dd5b7/pyinstaller-6.22.2-py3-none-manylinux2014_x86_64.whl", hash = "sha256:9622686ecc5d5fa492fe6cde29d47df9dd41138cff8177be9f901ca3260f2096", size = 762173, upload-time = "2026-08-17T20:52:38.477Z" },
    { url = "https://files.pythonhosted.org/packages/6c/9b/0af69d93dfad2e3d590a5de5828d5bcd903747c0224bd9560ab476904dfe/pyinstaller-6.22.2-py3-none-musllinux_1_1_aarch64.whl", hash = "sha256:0260eaad6be3f6fbc1affffe6dc7b8e5b636dbca51b463224daba971610b6fc1", size = 761674, upload-time = "2026-08-17T20:52:42.646Z" },
    { url = "https://files.pythonhosted.org/packages/d3/4e/28b6094dcbd1e1bbb868daf4f8752999a20c1020ab64569232be42af2be8/pyinstaller-6.22.2-py3-none-musllinux_1_1_x86_64.whl", hash = "sha256:8c2c4b14caad38c1f3df8e9bf5276fc265e27fe8b4180cab4a37864288427bc0", size = 761053, upload-time = "2026-08-17T20:52:46.594Z" },
    { url = "https://files.pythonhosted.org/packages/ba/2c/f91b63fd01422111ac04e3b9bf61c039da5a3292acb4fe5248905f0be688/pyinstaller-6.22.2-py3-none-win32.whl", hash = "sha256:9a078877caa3920558a3242d0a7019fe5b825cff4b65ed380c7d1e1bd200ddd9", size = 1344474, upload-time = "2026-08-17T20:52:53.108Z" },
    { url = "https://files.pythonhosted.org/packages/3f/53/8ba1d0f6159b490f700eac6161a4be5f0d4672608a6dae9fd73679f183ee/pyinstaller-6.22.2-py3-none-win_amd64.whl", hash = "sha256:9b990fa6bbe143572f06644a984ad0d7aa2e2ccc6929d4916031343a5888e9a7", size = 1405725, upload-time = "2026-08-17T20:52:59.667Z" },
    { url = "https://files.pythonhosted.org/packages/fb/1b/9a3062cc34c939f694d4262c4754681f6ffe853c21c124209ad2d08b8e84/pyinstaller-6.22.2-py3-none-win_arm64.whl", hash = "sha256:afb6f9a95d19b6dcd3a7decc40d9adb6ba9c4f8802ddd6c972dfb552953f384e", size = 1353806, upload-time = "2026-08-17T20:53:06.222Z" },
]

[[package]]
name = "pyinstaller-hooks-contrib"
version = "2026.7"
source = { registry = "https://pypi.org/simple" }
dependencies = [
    { name = "packaging" },
]
sdist = { url = "https://files.pythonhosted.org/packages/26/60/d881fa1ba8c160c18d8e6f782bb16ec4640c08bc08fc50f704c368ad4f9e/pyinstaller_hooks_contrib-2026.7.tar.gz", hash = "sha256:5fbcaacb22c4f4aac869a127dce283f67a4b4cfcc37d496f2446603e6d68aefa", size = 175992, upload-time = "2026-08-24T21:26:58.713Z" }
wheels = [
    { url = "https://files.pythonhosted.org/packages/0a/67/350377af7b50416344ab8792756d414eef7629c618a73e9a0b13bb1552d9/pyinstaller_hooks_contrib-2026.7-py3-none-any.whl", hash = "sha256:24257a04c7a5a7a034cf28e39dcee20fbeeb9f043076729480f2e1b69904408a", size = 459445, upload-time = "2026-08-24T21:26:57.274Z" },
]

[[package]]
name = "pylint"
version = "4.0.7"
source = { registry = "https://pypi.org/simple" }
dependencies = [
    { name = "astroid" },
    { name = "colorama", marker = "sys_platform == 'win32'" },
    { name = "dill" },
    { name = "isort" },
    { name = "mccabe" },
    { name = "platformdirs" },
    { name = "tomlkit" },
]
sdist = { url = "https://files.pythonhosted.org/packages/de/92/98dace02f2d11b88160354c53944f77ea7327aa78bce1c75971e7aaa4347/pylint-4.0.7.tar.gz", hash = "sha256:9b2d1d15791c84b77a4fe2aafe8f0d9570717e2dea06d53b19c105cf60275a52", size = 1594770, upload-time = "2026-08-09T19:13:23.289Z" }
wheels = [
    { url = "https://files.pythonhosted.org/packages/e0/b0/3a8040e53df6c5c1e04b0e23ed53fdbeb64f333723a334d313fba2f581ce/pylint-4.0.7-py3-none-any.whl", hash = "sha256:be4a3111557a614411ed1fc89347ce4a8e1013a59e1f33d11485227a02e3304d", size = 539710, upload-time = "2026-08-09T19:13:21.228Z" },
]

[[package]]
name = "pyqt6"
version = "6.11.0"
source = { registry = "https://pypi.org/simple" }
dependencies = [
    { name = "pyqt6-qt6" },
    { name = "pyqt6-sip" },
]
sdist = { url = "https://files.pythonhosted.org/packages/8b/47/b25c13eca5bebc6505394d0223e46d7ebf0c57dcac2ed908d7d19b18ab6b/pyqt6-6.11.0.tar.gz", hash = "sha256:45dd60aa69976de1918b5ced6b4e7b6a25abd2a919ecef5fd5826ecc76718889", size = 1087430, upload-time = "2026-03-30T09:16:13.543Z" }
wheels = [
    { url = "https://files.pythonhosted.org/packages/33/44/fcd3dd3f64c83c96bf9bce76ec16cca64bd9b91702c3d08fd8e3dafc73d9/pyqt6-6.11.0-cp310-abi3-macosx_10_14_universal2.whl", hash = "sha256:f7100bc7f72b12581ec479a733f4ad11b8002668e6786e8a445ab6f4d1c743d4", size = 12429735, upload-time = "2026-03-30T09:16:03.713Z" },
    { url = "https://files.pythonhosted.org/packages/c3/a0/bd1399740dfa80c0a94d20b02d89962a31458233dcf70eaa09bfbccf3d0f/pyqt6-6.11.0-cp310-abi3-manylinux_2_34_x86_64.whl", hash = "sha256:8555277989fa7d114cb3c3443fd261d566909f7268ceedd41d93a5f02d37ec05", size = 8334632, upload-time = "2026-03-30T09:16:06.066Z" },
    { url = "https://files.pythonhosted.org/packages/d3/db/425b184ac2430ba1978bb507ffd285ec007a872644e2ae5df13332dbcb05/pyqt6-6.11.0-cp310-abi3-manylinux_2_39_aarch64.whl", hash = "sha256:0734959955adde095af9a074213a7f73386d1bbbddfc27346b4c0621641a692e", size = 8321484, upload-time = "2026-03-30T09:16:08.135Z" },
    { url = "https://files.pythonhosted.org/packages/6f/85/dd9f03d78d87460e109e0121cd6201c5802bdd655656bf2780e964870fea/pyqt6-6.11.0-cp310-abi3-win_amd64.whl", hash = "sha256:bd11b459c54dca068e988a42cf838303334f0d441b9d16d92ae6719fcb5ac6ba", size = 6844358, upload-time = "2026-03-30T09:16:09.766Z" },
    { url = "https://files.pythonhosted.org/packages/cd/75/970b041bde4372cc6739c5ef9db1de83a6b36e788e4992e598baa35b2255/pyqt6-6.11.0-cp310-abi3-win_arm64.whl", hash = "sha256:b6324e3501b19b4292c7a55b1f22e82d3e80e519e383ce4fe79b4a754c6f0288", size = 5933984, upload-time = "2026-03-30T09:16:11.817Z" },
]

[[package]]
name = "pyqt6-qscintilla"
version = "2.14.1"
source = { registry = "https://pypi.org/simple" }
dependencies = [
    { name = "pyqt6" },
    { name = "pyqt6-sip" },
]
sdist = { url = "https://files.pythonhosted.org/packages/e8/06/799c04a51f6cc2111f0cfb090ed4938fc044c5c12d1d9671280e235f2f2e/PyQt6_QScintilla-2.14.1.tar.gz", hash = "sha256:8849a4a9847bbf3698d0c1cf47e6d08552a49a66928543a73f10d6dcba617d10", size = 1775955, upload-time = "2023-06-17T15:36:22.359Z" }
wheels = [
    { url = "https://files.pythonhosted.org/packages/ff/1a/482b5370d1f198dc70f4cfc0057343b9043dc161078dc150b33e34f4b4c4/PyQt6_QScintilla-2.14.1-cp37-abi3-macosx_10_14_universal2.whl", hash = "sha256:a9b5939bd7160bbd095bc06312f2a1289a344b7c4f89633ea7657207212c7d56", size = 3763294, upload-time = "2023-06-17T15:36:11.599Z" },
    { url = "https://files.pythonhosted.org/packages/25/89/3f5a0823b891d81a61d05a7b79d08e4c9dad0ae66c119564fe790ff6bb73/PyQt6_QScintilla-2.14.1-cp37-abi3-manylinux_2_28_x86_64.whl", hash = "sha256:2b16b3ca0c8f6cf4772a85a0a5b030d2a7ad8128e6f5a3fae6d8a641b04f7e41", size = 2793824, upload-time = "2023-06-17T15:36:16.204Z" },
    { url = "https://files.pythonhosted.org/packages/5a/89/dc01e93261a520d25c8ee214b483cf3c9e34d6b9ada4530382eb1dc0d8f7/PyQt6_QScintilla-2.14.1-cp37-abi3-win_amd64.whl", hash = "sha256:b22e93cd70b35cb83dc4177d14c670a02d92d9ea51ee6759bb97d81679c39af2", size = 2061389, upload-time = "2023-06-17T15:36:19.46Z" },
    { url = "https://files.pythonhosted.org/packages/f5/8f/1c9edcd3c4c94d976f3c8d85cfc5ff7b18b01e17a16def29e31524d2f69f/PyQt6_QScintilla-2.14.1-cp38-abi3-manylinux_2_39_aarch64.whl", hash = "sha256:1395515e1dd24264e3db324ad19a8367fa3e485c8616932a2b32517b51a4d2d2", size = 2767955, upload-time = "2024-11-24T12:19:22.684Z" },
    { url = "https://files.pythonhosted.org/packages/5f/d2/85290c984b9b5eff836db12b729d1237ed2b2cb2f2d92608bb9dc9767124/PyQt6_QScintilla-2.14.1-cp39-abi3-win_arm64.whl", hash = "sha256:8ac7f3f61b76a73d60d7837aa1233f7147b5179fbc426e977a3ac21294a3dc48", size = 1937926, upload-time = "2024-11-23T15:38:23.738Z" },
]

[[package]]
name = "pyqt6-qt6"
version = "6.11.1"
source = { registry = "https://pypi.org/simple" }
wheels = [
    { url = "https://files.pythonhosted.org/packages/38/cb/ef930289bcd3b4be77a619d6b89ccdd0f53d753053a45f69ed590fd49777/pyqt6_qt6-6.11.1-py3-none-macosx_10_14_x86_64.whl", hash = "sha256:694486f18b7ab9b1edcdb50e0c9f5cb726e096107da90ae7b0e810f18e2002b3", size = 70402836, upload-time = "2026-05-15T11:18:24.893Z" },
    { url = "https://files.pythonhosted.org/packages/09/7d/d016af2de1975a0d90c9a911e3d82b2e8c8fe899f8af746ade42186f3845/pyqt6_qt6-6.11.1-py3-none-macosx_11_0_arm64.whl", hash = "sha256:fd05b31a3c83111b6eb82bb472ccfe531ef823f70d085b82fd1edc5ad2553c54", size = 64167714, upload-time = "2026-05-15T11:18:48.848Z" },
    { url = "https://files.pythonhosted.org/packages/e1/be/21d0df9bde717131f4245f8801676120d466afe198c4641c9e4982cf85fe/pyqt6_qt6-6.11.1-py3-none-manylinux_2_34_x86_64.whl", hash = "sha256:254af349e0ef4b2fa581f86ee9d65eb797bb1d4f0c01ae5ceaa7b2446b458be9", size = 85897589, upload-time = "2026-05-15T11:19:21.864Z" },
    { url = "https://files.pythonhosted.org/packages/08/69/f6b9cafceed9790c62a7ca3044562d38545bbfcfaf222846482ac2f9bd56/pyqt6_qt6-6.11.1-py3-none-manylinux_2_39_aarch64.whl", hash = "sha256:039b1ab619d63d06a87cacf84b581a2b61a30c9ad5bb677553e738afe4dc433a", size = 84996419, upload-time = "2026-05-15T11:19:52.647Z" },
    { url = "https://files.pythonhosted.org/packages/fa/f1/70e83c23bf897c7f5025aa100482f482038ef70232dc27b407659d941fbf/pyqt6_qt6-6.11.1-py3-none-win_amd64.whl", hash = "sha256:7486c80512e823f2d3087e67f854f0556b345f4368040a853c8dc4d30fd3fe69", size = 78416766, upload-time = "2026-05-15T11:20:20.588Z" },
    { url = "https://files.pythonhosted.org/packages/93/b0/9183ec9c206a0c3cba5719f0911e88a3486167137456a0f9318f07ce000d/pyqt6_qt6-6.11.1-py3-none-win_arm64.whl", hash = "sha256:120efbedf833e5bbbc3d64ebdb139b44ff34e60f34410c7b1c2c26d230380bda", size = 59961004, upload-time = "2026-05-15T11:20:49.065Z" },
]

[[package]]
name = "pyqt6-sip"
version = "13.11.1"
source = { registry = "https://pypi.org/simple" }
sdist = { url = "https://files.pythonhosted.org/packages/90/24/a753e1af94b9ae5b2da63d4598457308da3cdbf0838c959381db086ccc86/pyqt6_sip-13.11.1.tar.gz", hash = "sha256:869c5b48afe38e55b1ee0dd72182b0886e968cc509b98023ff50010b013ce1be", size = 92574, upload-time = "2026-03-09T13:01:35.418Z" }
wheels = [
    { url = "https://files.pythonhosted.org/packages/20/1d/62c633faedef5bb3b8c7486a72e8a6466adaa2a14efcfccf85bb23426748/pyqt6_sip-13.11.1-cp314-cp314-macosx_10_15_universal2.whl", hash = "sha256:cb931c1af45294bbe8039c5cfda184e3023f5dc766fc884964010eedd8fd85db", size = 112678, upload-time = "2026-03-09T13:01:28.15Z" },
    { url = "https://files.pythonhosted.org/packages/03/72/5a3d9ffef0caa7e1bc7a35d6300f6099bfccd1d8a485b4320ba20013a2d9/pyqt6_sip-13.11.1-cp314-cp314-manylinux1_x86_64.manylinux_2_5_x86_64.whl", hash = "sha256:353d613129316e9f7eda6bbe821deb7b7ffa14483499189171fd8a246873f9ac", size = 299560, upload-time = "2026-03-09T13:01:32.134Z" },
    { url = "https://files.pythonhosted.org/packages/98/f4/886f901f1e04da717a11e180ba19a9c7fc62da170966d57206006f173bda/pyqt6_sip-13.11.1-cp314-cp314-manylinux_2_17_aarch64.manylinux2014_aarch64.whl", hash = "sha256:fcadd68e09ee24cdda8f8bfcba52e59c9b297055d2c450f0eb89afa61a8dc31a", size = 321846, upload-time = "2026-03-09T13:01:29.817Z" },
    { url = "https://files.pythonhosted.org/packages/96/f2/b68fd566f7f86dbb53d933489e70487cabaea0e0161690e4899653bbc7fb/pyqt6_sip-13.11.1-cp314-cp314-win_amd64.whl", hash = "sha256:581e287bf42587593b88b30d9db06ed0fccbf40f345a5bd3ec3f00a5692e2430", size = 55055, upload-time = "2026-03-09T13:01:33.467Z" },
    { url = "https://files.pythonhosted.org/packages/8d/42/efb7ced69f7d1d31eb8f19b2d778aeb182be7e070569d02b9057ac478e3e/pyqt6_sip-13.11.1-cp314-cp314-win_arm64.whl", hash = "sha256:42b62530a9b6a9c6e29c2941b8ab78258652da0aeae4eb1fc9a0631d19a7a7b2", size = 49597, upload-time = "2026-03-09T13:01:34.49Z" },
]

[[package]]
name = "pyqt6-webengine"
version = "6.11.0"
source = { registry = "https://pypi.org/simple" }
dependencies = [
    { name = "pyqt6" },
    { name = "pyqt6-sip" },
    { name = "pyqt6-webengine-qt6" },
]
sdist = { url = "https://files.pythonhosted.org/packages/9a/c6/b4f777c46ff42a759180dc65ad49a207748ea2e83ac4df21e89eaf4834c3/pyqt6_webengine-6.11.0.tar.gz", hash = "sha256:15cf49efbbbd4c6bc87653b2c4ae80d6049f800e31620b336734ae2e37cbedae", size = 37331, upload-time = "2026-03-30T09:18:15.561Z" }
wheels = [
    { url = "https://files.pythonhosted.org/packages/28/55/d06c4c1390268ca19a5be6e00e9b394b7bed995ace51b8f10ac19e8770c7/pyqt6_webengine-6.11.0-cp310-abi3-macosx_10_14_universal2.whl", hash = "sha256:dfd6efc1760a8f0a82a41366f44dd1949380be5b7e62ca79165ef67ae6f26456", size = 465113, upload-time = "2026-03-30T09:18:08.896Z" },
    { url = "https://files.pythonhosted.org/packages/02/63/99f0032137dd76d7c401d467887bcee112df4fc9f496cf92b11de6b93551/pyqt6_webengine-6.11.0-cp310-abi3-manylinux_2_34_x86_64.whl", hash = "sha256:a9c07d18ab6aa4be95dea5bdbced2690cf0659637634e960bd5cf90c9aa5bc1b", size = 318292, upload-time = "2026-03-30T09:18:10.297Z" },
    { url = "https://files.pythonhosted.org/packages/ac/4a/a262c8828f35acec6dba2bf2f90d1c00b82d91f8b31f8ec830ac2f7c5d6c/pyqt6_webengine-6.11.0-cp310-abi3-manylinux_2_39_aarch64.whl", hash = "sha256:a115d14205b037bf2e8aa52176fc30260c112cf3a252047e69999e5d52f7b868", size = 319166, upload-time = "2026-03-30T09:18:11.515Z" },
    { url = "https://files.pythonhosted.org/packages/d4/15/27a18e7124f85eeadd48452f96104a5a231f0ad97ab5c10e16d87a319ccb/pyqt6_webengine-6.11.0-cp310-abi3-win_amd64.whl", hash = "sha256:5596ea8f7fd94a6b443c47f3c12dac619bedf5fabb646d2b8b4de1d73ec531cb", size = 257876, upload-time = "2026-03-30T09:18:12.682Z" },
    { url = "https://files.pythonhosted.org/packages/f3/af/4cf061bfa45b5311ce05a48749afb6d8ee62539f38619875feaa200b6acf/pyqt6_webengine-6.11.0-cp310-abi3-win_arm64.whl", hash = "sha256:06c309fa956dd4f197636d949aa5d125cd905f386178eb8884e231c04c5b577c", size = 235435, upload-time = "2026-03-30T09:18:14.323Z" },
]

[[package]]
name = "pyqt6-webengine-qt6"
version = "6.11.1"
source = { registry = "https://pypi.org/simple" }
wheels = [
    { url = "https://files.pythonhosted.org/packages/09/83/ee448f4125cdf3649c048300b96048129437c0d2afcb9de40b2ab239eeca/pyqt6_webengine_qt6-6.11.1-py3-none-macosx_10_14_x86_64.whl", hash = "sha256:a20fccfa6d345b804fa718ae2b4db3cda4a66bb5ea83b14a6266b8c6d168477c", size = 125601172, upload-time = "2026-05-15T11:21:41.501Z" },
    { url = "https://files.pythonhosted.org/packages/18/c4/24a856ec9efb97fb75062cebc64f4a8e7c55125a838ab71f163e268c08b2/pyqt6_webengine_qt6-6.11.1-py3-none-macosx_11_0_arm64.whl", hash = "sha256:766ad691fb274eb1ed222eee407d6c16b398a06782441f4a2ad7dd699aa9392a", size = 112247415, upload-time = "2026-05-15T11:22:13.735Z" },
    { url = "https://files.pythonhosted.org/packages/76/b8/4a31b1c59b44981b1dab685039704d43bc9d73899ab63aa04b22e4e75614/pyqt6_webengine_qt6-6.11.1-py3-none-manylinux_2_34_x86_64.whl", hash = "sha256:cb15cc35593dd45492b40579912aac9fd44053a879f92fdd246bc5ba8738e0e9", size = 116319146, upload-time = "2026-05-15T11:22:49.783Z" },
    { url = "https://files.pythonhosted.org/packages/d4/2b/d0376a89cc465835351dc4d1813b8c10cd12dc8b1350201087ff75e20bc6/pyqt6_webengine_qt6-6.11.1-py3-none-manylinux_2_39_aarch64.whl", hash = "sha256:986571954200d89812211997e7e544eb48682ce06141957e668f6ff4375517b6", size = 111680319, upload-time = "2026-05-15T11:23:27.714Z" },
    { url = "https://files.pythonhosted.org/packages/83/0d/4826e0d24c34d85f57feeddbb26b1d359705d1c6952cbe214dd433e41e8a/pyqt6_webengine_qt6-6.11.1-py3-none-win_amd64.whl", hash = "sha256:16db64a3c658f3575b9c7c29aceb734714c24a2c8778e20caf277a593bc8ceb0", size = 132865252, upload-time = "2026-05-15T11:24:11.569Z" },
    { url = "https://files.pythonhosted.org/packages/27/cc/8d268ec85e76d6e2c236a715851fef21e6d0ae369fbb896ada996092b735/pyqt6_webengine_qt6-6.11.1-py3-none-win_arm64.whl", hash = "sha256:21aaa6c7c9a91076936baa4a1c02dd5a0cbd4c75238d5fd6a216736f654cf89a", size = 114693848, upload-time = "2026-05-15T11:24:42.684Z" },
]

[[package]]
name = "pytest"
version = "9.1.1"
source = { registry = "https://pypi.org/simple" }
dependencies = [
    { name = "colorama", marker = "sys_platform == 'win32'" },
    { name = "iniconfig" },
    { name = "packaging" },
    { name = "pluggy" },
    { name = "pygments" },
]
sdist = { url = "https://files.pythonhosted.org/packages/e4/47/b9efed96c114afcfa3c9d3fe98a76a1d14c74a9e266d397cf6eb64be5e01/pytest-9.1.1.tar.gz", hash = "sha256:1088fbde8f2b49d95a549a195707afa7a76a3ce9bcadc26b6d71f0ffda5fe313", size = 1636369, upload-time = "2026-06-19T10:58:32.857Z" }
wheels = [
    { url = "https://files.pythonhosted.org/packages/24/25/1de2678b631f5a49215c6c96fff41ba892b0a34df68d6d80292b1b48aa7f/pytest-9.1.1-py3-none-any.whl", hash = "sha256:37a86b45efb9a47a61a36449063e8e18d0cab3161329fc099eb21783169c4f0c", size = 386536, upload-time = "2026-06-19T10:58:31.347Z" },
]

[[package]]
name = "pytest-qt"
version = "4.5.0"
source = { registry = "https://pypi.org/simple" }
dependencies = [
    { name = "pluggy" },
    { name = "pytest" },
    { name = "typing-extensions" },
]
sdist = { url = "https://files.pythonhosted.org/packages/d3/61/8bdec02663c18bf5016709b909411dce04a868710477dc9b9844ffcf8dd2/pytest_qt-4.5.0.tar.gz", hash = "sha256:51620e01c488f065d2036425cbc1cbcf8a6972295105fd285321eb47e66a319f", size = 128702, upload-time = "2025-07-01T17:24:39.889Z" }
wheels = [
    { url = "https://files.pythonhosted.org/packages/cc/d0/8339b888ad64a3d4e508fed8245a402b503846e1972c10ad60955883dcbb/pytest_qt-4.5.0-py3-none-any.whl", hash = "sha256:ed21ea9b861247f7d18090a26bfbda8fb51d7a8a7b6f776157426ff2ccf26eff", size = 37214, upload-time = "2025-07-01T17:24:38.226Z" },
]

[[package]]
name = "pywin32-ctypes"
version = "0.2.3"
source = { registry = "https://pypi.org/simple" }
sdist = { url = "https://files.pythonhosted.org/packages/85/9f/01a1a99704853cb63f253eea009390c88e7131c67e66a0a02099a8c917cb/pywin32-ctypes-0.2.3.tar.gz", hash = "sha256:d162dc04946d704503b2edc4d55f3dba5c1d539ead017afa00142c38b9885755", size = 29471, upload-time = "2024-08-14T10:15:34.626Z" }
wheels = [
    { url = "https://files.pythonhosted.org/packages/de/3d/8161f7711c017e01ac9f008dfddd9410dff3674334c233bde66e7ba65bbf/pywin32_ctypes-0.2.3-py3-none-any.whl", hash = "sha256:8a1513379d709975552d202d942d9837758905c8d01eb82b8bcc30918929e7b8", size = 30756, upload-time = "2024-08-14T10:15:33.187Z" },
]

[[package]]
name = "returns"
version = "0.29.0"
source = { registry = "https://pypi.org/simple" }
dependencies = [
    { name = "typing-extensions" },
]
sdist = { url = "https://files.pythonhosted.org/packages/29/e6/f5ada68dfb47e9c032683813f3cd9a810978d8ce541866d365076215906f/returns-0.29.0.tar.gz", hash = "sha256:fd9831594403229595dc705fee632a9be24a497df10aa3b9b72405d75d54e8ad", size = 106314, upload-time = "2026-08-02T08:36:26.976Z" }
wheels = [
    { url = "https://files.pythonhosted.org/packages/c2/b6/660f9724d574eee210ba89cc8fc2c41a5d960947bcea7d780847ce766e21/returns-0.29.0-py3-none-any.whl", hash = "sha256:db43c06d228f84b3d93c0418313c37c5ee4ecdb7a0f10326c24444f9baaf074c", size = 160951, upload-time = "2026-08-02T08:36:28.291Z" },
]

[[package]]
name = "setuptools"
version = "84.0.0"
source = { registry = "https://pypi.org/simple" }
sdist = { url = "https://files.pythonhosted.org/packages/6d/44/f5da03a8ef95d369145c5bb53050e7877c9f3d312e128605fd9504829143/setuptools-84.0.0.tar.gz", hash = "sha256:f4695c21257f0d9b537ec2692c941d02ee143b7cc1276941349a546573b2ef73", size = 1168449, upload-time = "2026-08-08T18:27:58.365Z" }
wheels = [
    { url = "https://files.pythonhosted.org/packages/95/9c/c510029fc6ef33a6275cd2c5d3cecd6613dfd6aa401d57c54f1c18852ccf/setuptools-84.0.0-py3-none-any.whl", hash = "sha256:51a52592b3b99e102b609654876bd65f19f999935166d1352678931132b0c670", size = 818216, upload-time = "2026-08-08T18:27:56.719Z" },
]

[[package]]
name = "sip"
version = "6.16.1"
source = { registry = "https://pypi.org/simple" }
dependencies = [
    { name = "packaging" },
    { name = "setuptools" },
]
sdist = { url = "https://files.pythonhosted.org/packages/3c/ca/6b4861723d1bd92d0a21afece74fc63d9bd62fabb1dcc209113972505434/sip-6.16.1.tar.gz", hash = "sha256:0a739c9cd2929de4e0884456d8caf3cfb22c10534757c7797bd8dc6bd9ed69bc", size = 2940280, upload-time = "2026-08-16T09:37:37.794Z" }
wheels = [
    { url = "https://files.pythonhosted.org/packages/8d/9c/a4943974dd017756b066815e36b429321a2cfa1e7b74d496b26784df43d1/sip-6.16.1-py3-none-any.whl", hash = "sha256:e2680b2b68f76d391793d7cff0a06967399a38ec2f2ae3074bd3d3a66e316046", size = 3231385, upload-time = "2026-08-16T09:37:34.182Z" },
]

[[package]]
name = "tinycss2"
version = "1.5.1"
source = { registry = "https://pypi.org/simple" }
dependencies = [
    { name = "webencodings" },
]
sdist = { url = "https://files.pythonhosted.org/packages/a3/ae/2ca4913e5c0f09781d75482874c3a95db9105462a92ddd303c7d285d3df2/tinycss2-1.5.1.tar.gz", hash = "sha256:d339d2b616ba90ccce58da8495a78f46e55d4d25f9fd71dfd526f07e7d53f957", size = 88195, upload-time = "2025-11-23T10:29:10.082Z" }
wheels = [
    { url = "https://files.pythonhosted.org/packages/60/45/c7b5c3168458db837e8ceab06dc77824e18202679d0463f0e8f002143a97/tinycss2-1.5.1-py3-none-any.whl", hash = "sha256:3415ba0f5839c062696996998176c4a3751d18b7edaaeeb658c9ce21ec150661", size = 28404, upload-time = "2025-11-23T10:29:08.676Z" },
]

[[package]]
name = "tomlkit"
version = "0.15.1"
source = { registry = "https://pypi.org/simple" }
sdist = { url = "https://files.pythonhosted.org/packages/94/96/e07752635b98536177fa1f37671c8f3cdde2e724c6bcf6034b2cfb571565/tomlkit-0.15.1.tar.gz", hash = "sha256:e25bbf38843005246210a12982776f27f99cb9be67160e14434d0c0d21ee1e97", size = 180129, upload-time = "2026-07-17T01:48:04.562Z" }
wheels = [
    { url = "https://files.pythonhosted.org/packages/13/bc/8c13eb66537dce1d2bd3a57132902f38d0e7f5bb46fa9f4daed9fe9d76ee/tomlkit-0.15.1-py3-none-any.whl", hash = "sha256:177a05aece5a8ca5266fd3c448abb47b8d352f09d477d3ca8332db4d89b24304", size = 49449, upload-time = "2026-07-17T01:48:05.728Z" },
]

[[package]]
name = "typing-extensions"
version = "4.16.0"
source = { registry = "https://pypi.org/simple" }
sdist = { url = "https://files.pythonhosted.org/packages/f6/cc/6253133b5bb138fc3306cebfbda2c520f545d36b5be2c7255cc528bb45d6/typing_extensions-4.16.0.tar.gz", hash = "sha256:dc983d19a509c94dba722ee6abd33940f7c05a89e243c47e907eb4db6f1a43e5", size = 113555, upload-time = "2026-07-02T08:40:05.92Z" }
wheels = [
    { url = "https://files.pythonhosted.org/packages/49/d3/b8441a820a491ddfc024b0b0cf0393375b75ea13866d9c66727e54c2fc80/typing_extensions-4.16.0-py3-none-any.whl", hash = "sha256:481caa481374e813c1b176ada14e97f1f67a4539ce9cfeb3f350d78d6370c2e8", size = 45571, upload-time = "2026-07-02T08:40:04.659Z" },
]

[[package]]
name = "webencodings"
version = "0.6.1"
source = { registry = "https://pypi.org/simple" }
sdist = { url = "https://files.pythonhosted.org/packages/d5/a0/8fd707bcb776a7be556bad06a2ea5fb9bd519df78ef8e26f70ccf0f38bff/webencodings-0.6.1.tar.gz", hash = "sha256:565f9ad031c702dae404e27a099e3e09186a3ab1b9520f06d215502b651fd910", size = 15001, upload-time = "2026-08-15T14:22:57.549Z" }
wheels = [
    { url = "https://files.pythonhosted.org/packages/77/c6/040cbc72480d789a5f40d63fb484d3106554c4dfa2d2b70ad5022057750f/webencodings-0.6.1-py3-none-any.whl", hash = "sha256:7fab6269c8bf237c657876b52058ccb182e861518d1c695c1a9aaa8c1c105d5b", size = 8745, upload-time = "2026-08-15T14:22:56.31Z" },
]
